
Microsoft Visual Studio Solution File, Format Version 12.00
# Visual Studio Version 17
VisualStudioVersion = 17.8.34322.80
MinimumVisualStudioVersion = 10.0.40219.1
Project("{FAE04EC0-301F-11D3-BF4B-00C04F79EFBC}") = "gnosis", "gnosis\gnosis.csproj", "{4CA5D638-8370-43DD-8C1B-33F5F7F59CB7}"
EndProject
Global
	GlobalSection(SolutionConfigurationPlatforms) = preSolution
		Debug|Any CPU = Debug|Any CPU
		Release|Any CPU = Release|Any CPU
	EndGlobalSection
	GlobalSection(ProjectConfigurationPlatforms) = postSolution
		{4CA5D638-8370-43DD-8C1B-33F5F7F59CB7}.Debug|Any CPU.ActiveCfg = Debug|Any CPU
		{4CA5D638-8370-43DD-8C1B-33F5F7F59CB7}.Debug|Any CPU.Build.0 = Debug|Any CPU
		{4CA5D638-8370-43DD-8C1B-33F5F7F59CB7}.Release|Any CPU.ActiveCfg = Release|Any CPU
		{4CA5D638-8370-43DD-8C1B-33F5F7F59CB7}.Release|Any CPU.Build.0 = Release|Any CPU
	EndGlobalSection
	GlobalSection(SolutionProperties) = preSolution
		HideSolutionNode = FALSE
	EndGlobalSection
	GlobalSection(ExtensibilityGlobals) = postSolution
		SolutionGuid = {EFCCB257-AA28-4258-8D21-0CA46259AC41}
	EndGlobalSection
EndGlobal
